{
  "projects": [
    {
      "projectId": "eiC1VCbma8t6iMexZerqLa",
      "version": "5.11.0",
      "dependencies": {},
      "lang": "js",
      "fileLocks": [
        {
          "assetId": "eiC1VCbma8t6iMexZerqLa",
          "type": "projectCss",
          "checksum": "65f444b8ec8dbedbff7acecb7041f4c1"
        },
        {
          "assetId": "eiC1VCbma8t6iMexZerqLa",
          "checksum": "e732fbb74d3376c409f438fc80adf516",
          "type": "globalContexts"
        }
      ],
      "codegenVersion": "0.0.1"
    },
    {
      "projectId": "xp1p7dmg329XVLHyuEUxD2",
      "version": "11.12.0",
      "dependencies": {},
      "lang": "js",
      "fileLocks": [
        {
          "assetId": "xp1p7dmg329XVLHyuEUxD2",
          "type": "projectCss",
          "checksum": "78ad5e39cfcd25243e240eceb6396164"
        }
      ],
      "codegenVersion": "0.0.1"
    },
    {
      "projectId": "bvkZrMdCandYGyPCH1rh27",
      "version": "latest",
      "dependencies": {
        "xp1p7dmg329XVLHyuEUxD2": "11.12.0",
        "eiC1VCbma8t6iMexZerqLa": "5.11.0"
      },
      "lang": "js",
      "fileLocks": [
        {
          "type": "globalVariant",
          "assetId": "hZ8-5LbGiaxg0I",
          "checksum": "8be130065e6cd5fdb0c5a5b46e981bce"
        },
        {
          "type": "globalVariant",
          "assetId": "hcBIwuNqA6-pvl",
          "checksum": "80be87d04d595e3bc7a40edc99db4ac0"
        },
        {
          "assetId": "bvkZrMdCandYGyPCH1rh27",
          "type": "projectCss",
          "checksum": "79370f039f13e2590b361a23bbe4ea3c"
        },
        {
          "assetId": "bvkZrMdCandYGyPCH1rh27",
          "checksum": "f5354166a5dbc08dfce2b392900a3d36",
          "type": "globalContexts"
        },
        {
          "type": "renderModule",
          "assetId": "q2RQgBPkowA7y",
          "checksum": "b9ae2966fb836aa188300b92680c9255"
        },
        {
          "type": "cssRules",
          "assetId": "q2RQgBPkowA7y",
          "checksum": "b9ae2966fb836aa188300b92680c9255"
        },
        {
          "type": "renderModule",
          "assetId": "8Gj1GZbvcl1-2",
          "checksum": "dc27b3fb841e00de810439cfb4168ce1"
        },
        {
          "type": "cssRules",
          "assetId": "8Gj1GZbvcl1-2",
          "checksum": "dc27b3fb841e00de810439cfb4168ce1"
        },
        {
          "type": "renderModule",
          "assetId": "auvtWlzBCyPsS",
          "checksum": "c0e861a8a68dcb1c8315b52fe372551b"
        },
        {
          "type": "cssRules",
          "assetId": "auvtWlzBCyPsS",
          "checksum": "c0e861a8a68dcb1c8315b52fe372551b"
        },
        {
          "type": "renderModule",
          "assetId": "HNgDlL26I3VQo",
          "checksum": "742ace616325b3c6ea3b6e503e6400dd"
        },
        {
          "type": "cssRules",
          "assetId": "HNgDlL26I3VQo",
          "checksum": "742ace616325b3c6ea3b6e503e6400dd"
        },
        {
          "type": "renderModule",
          "assetId": "FnDb20O_ZY7wc",
          "checksum": "6d9827a941def5cd696988c20095a5d0"
        },
        {
          "type": "cssRules",
          "assetId": "FnDb20O_ZY7wc",
          "checksum": "6d9827a941def5cd696988c20095a5d0"
        },
        {
          "type": "renderModule",
          "assetId": "N0v6bLZvVhtSjH",
          "checksum": "f10fbc12b59be6fab8089297641165db"
        },
        {
          "type": "cssRules",
          "assetId": "N0v6bLZvVhtSjH",
          "checksum": "f10fbc12b59be6fab8089297641165db"
        },
        {
          "type": "renderModule",
          "assetId": "EOlFwEQ09UswBs",
          "checksum": "2114976deaefa67a8bd5b2c6326a3a92"
        },
        {
          "type": "cssRules",
          "assetId": "EOlFwEQ09UswBs",
          "checksum": "2114976deaefa67a8bd5b2c6326a3a92"
        },
        {
          "type": "renderModule",
          "assetId": "my4KkKssM3HUq9",
          "checksum": "732718c991e9c99bab46eefbc3ac8ab4"
        },
        {
          "type": "cssRules",
          "assetId": "my4KkKssM3HUq9",
          "checksum": "732718c991e9c99bab46eefbc3ac8ab4"
        },
        {
          "type": "renderModule",
          "assetId": "oy9J-HiVCgE7cB",
          "checksum": "48a0540f507f85669441b5217fa4a93f"
        },
        {
          "type": "cssRules",
          "assetId": "oy9J-HiVCgE7cB",
          "checksum": "48a0540f507f85669441b5217fa4a93f"
        },
        {
          "type": "renderModule",
          "assetId": "RVnPxW-R4x8TNB",
          "checksum": "8f6d5a14412b77b93cfa8a1f3286075e"
        },
        {
          "type": "cssRules",
          "assetId": "RVnPxW-R4x8TNB",
          "checksum": "8f6d5a14412b77b93cfa8a1f3286075e"
        },
        {
          "type": "renderModule",
          "assetId": "MWVO8ft3vOdDCB",
          "checksum": "e60c01fa7ae7d834a825026e95a43d0c"
        },
        {
          "type": "cssRules",
          "assetId": "MWVO8ft3vOdDCB",
          "checksum": "e60c01fa7ae7d834a825026e95a43d0c"
        },
        {
          "type": "renderModule",
          "assetId": "gN5VFAYYcN-qW4",
          "checksum": "5b3fa5ff46ec32eee4c1ad787b552a16"
        },
        {
          "type": "cssRules",
          "assetId": "gN5VFAYYcN-qW4",
          "checksum": "5b3fa5ff46ec32eee4c1ad787b552a16"
        },
        {
          "type": "renderModule",
          "assetId": "xuAqtB1vTRFmWf",
          "checksum": "c3f71319d47f7ef7270f7cd8169335b9"
        },
        {
          "type": "cssRules",
          "assetId": "xuAqtB1vTRFmWf",
          "checksum": "c3f71319d47f7ef7270f7cd8169335b9"
        },
        {
          "type": "renderModule",
          "assetId": "cYId4hGiw5HGOl",
          "checksum": "158b1e7cb6c0edd8d52ca3c66efae6a5"
        },
        {
          "type": "cssRules",
          "assetId": "cYId4hGiw5HGOl",
          "checksum": "158b1e7cb6c0edd8d52ca3c66efae6a5"
        },
        {
          "type": "renderModule",
          "assetId": "e66wck7VcXzEt9",
          "checksum": "65c6cd17d14f01674de60d1c4959128e"
        },
        {
          "type": "cssRules",
          "assetId": "e66wck7VcXzEt9",
          "checksum": "65c6cd17d14f01674de60d1c4959128e"
        },
        {
          "type": "renderModule",
          "assetId": "ZLEaM8OMizRIoj",
          "checksum": "f638cd133438491b067158fe7f6d0def"
        },
        {
          "type": "cssRules",
          "assetId": "ZLEaM8OMizRIoj",
          "checksum": "f638cd133438491b067158fe7f6d0def"
        },
        {
          "type": "renderModule",
          "assetId": "joNvp_cTXxoJpD",
          "checksum": "786ad93cfd71e49b5aa9d8f99d7ae34e"
        },
        {
          "type": "cssRules",
          "assetId": "joNvp_cTXxoJpD",
          "checksum": "786ad93cfd71e49b5aa9d8f99d7ae34e"
        },
        {
          "type": "renderModule",
          "assetId": "9lCt5QH2iekkbH",
          "checksum": "ec0a81151cf4379ce879006796d3ef94"
        },
        {
          "type": "cssRules",
          "assetId": "9lCt5QH2iekkbH",
          "checksum": "ec0a81151cf4379ce879006796d3ef94"
        },
        {
          "type": "renderModule",
          "assetId": "gzGOJTFxp5HBUD",
          "checksum": "de9aa2551cad4cbe85b4cf048b6a3ccd"
        },
        {
          "type": "cssRules",
          "assetId": "gzGOJTFxp5HBUD",
          "checksum": "de9aa2551cad4cbe85b4cf048b6a3ccd"
        },
        {
          "type": "renderModule",
          "assetId": "s1Z_M2JcVX-_M6",
          "checksum": "47e0172e17d3060c20e3d06447a3b5a6"
        },
        {
          "type": "cssRules",
          "assetId": "s1Z_M2JcVX-_M6",
          "checksum": "47e0172e17d3060c20e3d06447a3b5a6"
        },
        {
          "type": "renderModule",
          "assetId": "_ufapZf9wn6BWm",
          "checksum": "bfcfaa485e34ba6beffc0653ae567266"
        },
        {
          "type": "cssRules",
          "assetId": "_ufapZf9wn6BWm",
          "checksum": "bfcfaa485e34ba6beffc0653ae567266"
        },
        {
          "type": "renderModule",
          "assetId": "6sZvKT5GqJ8zc4",
          "checksum": "b0ff72c9e24bd37eb2eb7589644effab"
        },
        {
          "type": "cssRules",
          "assetId": "6sZvKT5GqJ8zc4",
          "checksum": "b0ff72c9e24bd37eb2eb7589644effab"
        },
        {
          "type": "renderModule",
          "assetId": "mn2Fd-rEAiFxLY",
          "checksum": "c860a57ad9129d6170198ee8f19c2693"
        },
        {
          "type": "cssRules",
          "assetId": "mn2Fd-rEAiFxLY",
          "checksum": "c860a57ad9129d6170198ee8f19c2693"
        },
        {
          "type": "renderModule",
          "assetId": "O-g4SX5rheQN7b",
          "checksum": "a8fa0465e6a61112b6c833e66c02c9c7"
        },
        {
          "type": "cssRules",
          "assetId": "O-g4SX5rheQN7b",
          "checksum": "a8fa0465e6a61112b6c833e66c02c9c7"
        },
        {
          "type": "renderModule",
          "assetId": "vVEnLULYzbuBh3",
          "checksum": "b5ec28ae5b559196b192c81f77a2fe2c"
        },
        {
          "type": "cssRules",
          "assetId": "vVEnLULYzbuBh3",
          "checksum": "b5ec28ae5b559196b192c81f77a2fe2c"
        },
        {
          "type": "icon",
          "assetId": "xKWDGJzCx6LSaV",
          "checksum": "1330f04c78fd6093a2ccfdfcb6564674"
        },
        {
          "type": "icon",
          "assetId": "T3oovc9ywWix6r",
          "checksum": "a6e035761c00ab7589df2414aa28ae8a"
        },
        {
          "type": "icon",
          "assetId": "gEvocuEzZQsGqm",
          "checksum": "deba1fc79a4bfdda9e5afc32ce7b53f5"
        },
        {
          "type": "icon",
          "assetId": "oXVW4CinSL8V7v",
          "checksum": "e594f44e91ee18e8d022a9a29989c7d4"
        },
        {
          "type": "icon",
          "assetId": "eB1cOW98y_DFih",
          "checksum": "1a61e88073b302dc103aa05b45b6acda"
        },
        {
          "type": "icon",
          "assetId": "plsnOYVv-ojK_W",
          "checksum": "949a970a2fc918068a7d942c1a5253c2"
        },
        {
          "type": "icon",
          "assetId": "gr1CxlgV6vheey",
          "checksum": "2431538d0c9576355b90a109c4efbec8"
        },
        {
          "type": "icon",
          "assetId": "4y2xCyJqOqIagW",
          "checksum": "42b99f92ce5b9f74620d75e6c07b9348"
        },
        {
          "type": "icon",
          "assetId": "VbXImnk6jpE51k",
          "checksum": "612f2ca5a15fbb206376bb95e34fe1ce"
        },
        {
          "type": "icon",
          "assetId": "o6GiUUdbmJfR75",
          "checksum": "dec3d66e10181f9050cc464c1d0e8ffa"
        },
        {
          "type": "icon",
          "assetId": "yF4PTcopE80JPg",
          "checksum": "f63b755745f15802b8b2ec78c45b7811"
        },
        {
          "type": "icon",
          "assetId": "0OFtHkKevvzsop",
          "checksum": "597e0282382d483fad72a31894acf35c"
        },
        {
          "type": "icon",
          "assetId": "-KXianz0SvKbIo",
          "checksum": "69aa79c75a4f9e35545adfa7aed585bb"
        },
        {
          "type": "icon",
          "assetId": "lJM9RiJNNLaJPc",
          "checksum": "16ffdc0bbbbee34ab71d3bada8ed8895"
        },
        {
          "type": "icon",
          "assetId": "TOMGSYl41Cu54Z",
          "checksum": "927c018eea47109effa273676801cdc7"
        },
        {
          "type": "icon",
          "assetId": "iSIDVorG-yP7D7",
          "checksum": "2c731a90becb911520b1334b60a22dbf"
        },
        {
          "type": "icon",
          "assetId": "eVaHTXgMB36WgK",
          "checksum": "da133b79035c69d01582948ef805b017"
        },
        {
          "type": "icon",
          "assetId": "pid0LAFBsYE_af",
          "checksum": "247a0d4a10c244007d465bc50e51c9b5"
        },
        {
          "type": "icon",
          "assetId": "A-uLxP56E8UXIC",
          "checksum": "7d098746975f9864ef34108032178484"
        },
        {
          "type": "icon",
          "assetId": "-cpxvp7MXgv-8z",
          "checksum": "011a0f2e2d5523459946962fe92d293c"
        },
        {
          "type": "icon",
          "assetId": "vIlvwbuUEBu_Bu",
          "checksum": "edac29fdc54c1fd9a5ada6b72a559d79"
        },
        {
          "type": "icon",
          "assetId": "HhTD9GtozD7hDE",
          "checksum": "e9c8a141e00d29cd7ff2e57bf704c366"
        },
        {
          "type": "icon",
          "assetId": "CHkJ12_b8VrPyz",
          "checksum": "2f3a713fe159a0cba889528e84a32d9f"
        },
        {
          "type": "icon",
          "assetId": "EihSBf9mPdslnI",
          "checksum": "5d6f3d2ed33aec86e12138e8d2970a7f"
        },
        {
          "type": "icon",
          "assetId": "7oK-PzrkvH5GV0",
          "checksum": "01474cbfaf06e6a4fd885a1a3ffbfc15"
        },
        {
          "type": "icon",
          "assetId": "hq5rLE6jnWUI8X",
          "checksum": "930cc88272512b52ce72f3d39ac3d837"
        },
        {
          "type": "icon",
          "assetId": "3ofxxVC3NPJL0C",
          "checksum": "0366c75999dc8de5aa65e38af2c547fd"
        },
        {
          "type": "icon",
          "assetId": "xO7tmelEht4fye",
          "checksum": "7b9883f843e8f69cee793a2044fb95c5"
        },
        {
          "type": "icon",
          "assetId": "zUg66ta7L1Y03l",
          "checksum": "b85891de9674eca9c890c6d42317ee96"
        },
        {
          "type": "icon",
          "assetId": "vG3kCp4lXu9Lkh",
          "checksum": "934afda5ea13782232247e000df6d7dc"
        },
        {
          "type": "icon",
          "assetId": "EiQ3VMCAhWR0o9",
          "checksum": "07a8984531b4b7d56ea70c1b981aea39"
        },
        {
          "type": "icon",
          "assetId": "JScCcJ4BhdjQjm",
          "checksum": "65257b1a1169b71e987819e7a21b2104"
        },
        {
          "type": "icon",
          "assetId": "pM_L7BTRNzwM_0",
          "checksum": "80cdab8c6b2f90a43fc13969bbe4b402"
        },
        {
          "type": "icon",
          "assetId": "I9UTRAntz7OJ9I",
          "checksum": "e5dfa81325fab4211d12e97b4144076e"
        },
        {
          "type": "icon",
          "assetId": "Gjod2ltzoMqfRQ",
          "checksum": "d192fe2f4dd162646f8eb0de61f53c75"
        },
        {
          "type": "icon",
          "assetId": "GHduzl5fZqijlp",
          "checksum": "2f2a950bf26338aaeadfdd65ec549214"
        },
        {
          "type": "icon",
          "assetId": "sqsU9wfzvmyQ1N",
          "checksum": "5bea2798e3f7b0da51e5bca00e8e0510"
        },
        {
          "type": "icon",
          "assetId": "K3ZivCP0QCN9su",
          "checksum": "82a3e017f560a981be35be7c0d6e260c"
        },
        {
          "type": "icon",
          "assetId": "0-45Ku0uotZ6Vb",
          "checksum": "86d1272a09e38b3392705948b7cf97a1"
        },
        {
          "type": "image",
          "assetId": "6DIj_Sls4RXi1x",
          "checksum": "02dd6b078af3ca63ec744c9b8072b3ff"
        },
        {
          "type": "image",
          "assetId": "NaesOPumcVxvOR",
          "checksum": "df8b19389f4685cd8f45c28c8c25c397"
        },
        {
          "type": "image",
          "assetId": "lj7kmom56Z-p_R",
          "checksum": "926172f06bbb9fee2bae880c22242017"
        },
        {
          "type": "image",
          "assetId": "YQ0JK_9x6ObVVY",
          "checksum": "0912e3113a8b6535b00c8ba432f19b80"
        },
        {
          "type": "image",
          "assetId": "QGgMjcxl7QKmXr",
          "checksum": "a9ff55fae51d6a225f5709291b9a6a9b"
        },
        {
          "type": "image",
          "assetId": "0quU3wOt9_RQX5",
          "checksum": "44634cddf92db748a5a65437b40a7429"
        },
        {
          "type": "image",
          "assetId": "Q9cKebL6OoQvss",
          "checksum": "49973c5029f2f6d48ceec2b594e3a1eb"
        },
        {
          "type": "image",
          "assetId": "UuFGRD6fZ4T0Eg",
          "checksum": "dba17f7f69da521d930d1fdb2c0425cd"
        },
        {
          "type": "image",
          "assetId": "_iyF9kg2qrkrdy",
          "checksum": "afad9bd08f9ee4d9e8232e9f1efcbbf6"
        },
        {
          "type": "image",
          "assetId": "1UWah-jouhMzXT",
          "checksum": "7baf6f7b176f3b0132138e09ac915692"
        },
        {
          "type": "image",
          "assetId": "I1ksSp48HuOODM",
          "checksum": "fd261a76fa452339227f5da74da12a12"
        },
        {
          "type": "image",
          "assetId": "KlRTQz-2XjCW-M",
          "checksum": "0541afc6cf963b02e8bc636d2e8e4877"
        },
        {
          "type": "image",
          "assetId": "0a_VduCwafohDP",
          "checksum": "731aca3ad19f2cde002c5563e8d7030e"
        },
        {
          "type": "image",
          "assetId": "Ei4tycNo6J94Fs",
          "checksum": "95da1b5dd8c45494641251f83b2ccf79"
        },
        {
          "type": "image",
          "assetId": "KeXC1OiIJEX3pc",
          "checksum": "ec2b0cb05549636079009b0e7954b36b"
        },
        {
          "type": "image",
          "assetId": "taBImHE0Xi4JSN",
          "checksum": "102b9d4830f737e140feb84bef44b8ff"
        },
        {
          "type": "image",
          "assetId": "5q4Nu0BCyexvmq",
          "checksum": "5c416de7cc439c9de3a758ce2c5de571"
        },
        {
          "type": "image",
          "assetId": "_xXXAGwgCLvxtR",
          "checksum": "a7e079907457345e4e60263ecc55a838"
        },
        {
          "type": "image",
          "assetId": "fpZt0Wa_Q78zXF",
          "checksum": "b1ec5b2149dcb41d6252f2bdd0aff809"
        },
        {
          "type": "image",
          "assetId": "wEGPRpAGA9KlXb",
          "checksum": "37cfc32929f18dbffd155992f864c1e1"
        },
        {
          "type": "image",
          "assetId": "f_FXs1a3M2PJrH",
          "checksum": "9f6457772a74a2e1827faee3f901f93c"
        },
        {
          "type": "image",
          "assetId": "w3dkSa1YE_imBf",
          "checksum": "293e2988eaf6bcae756074323eb9d0d7"
        },
        {
          "type": "image",
          "assetId": "6qxmIDQvfF7rEp",
          "checksum": "19cbdaef4b83fda298ab2048bd89498f"
        },
        {
          "type": "image",
          "assetId": "mKRVVe9vONJHqD",
          "checksum": "647a9c5f3f66d586fad9208316b54381"
        },
        {
          "type": "image",
          "assetId": "AaTfpuc4clky74",
          "checksum": "1130bdac4cc44c1b138030bf92303073"
        },
        {
          "type": "image",
          "assetId": "4mR_LgaG65Ktuf",
          "checksum": "44f4b70c3c30adef0e5bb4fd990ebe67"
        },
        {
          "type": "image",
          "assetId": "PDbWUZNWN-G-Ve",
          "checksum": "f7c09e63b87542ef4649e814d108a3ce"
        },
        {
          "type": "image",
          "assetId": "Rnp5ujOwUkjNzp",
          "checksum": "c858d0588d98195f5b53198451b66a1a"
        },
        {
          "type": "image",
          "assetId": "y6KQ7Q4s5nbn3x",
          "checksum": "835016afae4559ab6f047dd4f607f4f0"
        },
        {
          "type": "image",
          "assetId": "0SXkw2ABdThSl9",
          "checksum": "952aab88c7c67d23a2f6d2cdfd863b27"
        },
        {
          "type": "image",
          "assetId": "ES50w65lOHai8z",
          "checksum": "db57a17ec0b9aedccba32e80f1552e45"
        },
        {
          "type": "image",
          "assetId": "GPILwatypJ59EY",
          "checksum": "7b6db0e5ee92d6b5f86657a0ffad4e92"
        },
        {
          "type": "image",
          "assetId": "eADTHS0w02CfRF",
          "checksum": "023a81b27dc4a04b6c91587664e9aa74"
        },
        {
          "type": "image",
          "assetId": "YmA_FSSqTNRjSs",
          "checksum": "d3a1a77c60aa99af6b3848d9ad9152a2"
        },
        {
          "type": "image",
          "assetId": "rSUl4asoia84jJ",
          "checksum": "f2ac67069e686169dffa4e6f851a2955"
        },
        {
          "type": "image",
          "assetId": "rQPJUUNrqnJ6BX",
          "checksum": "8ed3dddf1b72ec4aa8f12adaf23a61da"
        },
        {
          "type": "image",
          "assetId": "Mv5oXXKIF5xMWl",
          "checksum": "3f3b378f5d3101d2f48513a6a32c959f"
        },
        {
          "type": "image",
          "assetId": "2Jnpldx5qAOIAB",
          "checksum": "dd8fe8fe777a3c798b39ff7185223b77"
        },
        {
          "type": "image",
          "assetId": "N6aZATD8QkNNF3",
          "checksum": "00f1ff5ae7527017725f4708010667ae"
        },
        {
          "type": "image",
          "assetId": "RAr0hYbr-QTxkT",
          "checksum": "3fa7b090f9ad083c7b76f92c14f4a0c3"
        },
        {
          "type": "image",
          "assetId": "zV3nUkwW5vqrXI",
          "checksum": "9fcd3491b1c1e86bec1b07750af22585"
        },
        {
          "type": "image",
          "assetId": "wATiSXdaytLN3G",
          "checksum": "2412acab951c7402800cdd2a9dd0c335"
        },
        {
          "type": "image",
          "assetId": "MSgYjpOMQYgZq_",
          "checksum": "a0bc92282ee9a7be9430a620deb92845"
        },
        {
          "type": "image",
          "assetId": "gGppY6TygKpD8H",
          "checksum": "e791b8bd350ca58925c85ccad2cbf38f"
        },
        {
          "type": "image",
          "assetId": "lx64y5dav4aWQw",
          "checksum": "580844da95505f55ec146e985e519249"
        },
        {
          "type": "image",
          "assetId": "zYcaIiVTzNyfh7",
          "checksum": "9ba3e45bc984797bb44ac70c2e8a71b1"
        },
        {
          "type": "image",
          "assetId": "1zJo87lyUu_v82",
          "checksum": "130e7569cbd80a05a204cc43396b559b"
        },
        {
          "type": "image",
          "assetId": "uKAa4OkZL9Ttvj",
          "checksum": "bb7b5665d83471e5633dcaf46f0b26a1"
        },
        {
          "type": "image",
          "assetId": "Vm3qAZL4njeCKB",
          "checksum": "ab2da5f7863acfe7ca22a5f5976f811c"
        },
        {
          "type": "image",
          "assetId": "zUZcIcxRCdtElO",
          "checksum": "9f7a49a2fce6deaeb87a43d6eab74c94"
        },
        {
          "type": "image",
          "assetId": "acUC1bP97X5FWl",
          "checksum": "d4d059fda185e4dad86a7b04b04094d4"
        },
        {
          "type": "image",
          "assetId": "LwYYfA9Zzo3ay2",
          "checksum": "134c7b4dfcd6ffe94a08b179ea68d413"
        },
        {
          "type": "image",
          "assetId": "Xc5sic8Nd4Pfxq",
          "checksum": "e9622bc8100d6217514117df237ae421"
        },
        {
          "type": "image",
          "assetId": "kDB_HtrdJT9k_3",
          "checksum": "9e29710dab2377e8519695d2e74e7b95"
        },
        {
          "type": "image",
          "assetId": "9v7AzZWtQVFvdo",
          "checksum": "cb7ed3778d2c354ed68d84e5af6cdfce"
        },
        {
          "type": "image",
          "assetId": "feLpnjp7HJkpj5",
          "checksum": "758906b817de8ab79b711e74c69d5428"
        },
        {
          "type": "image",
          "assetId": "gcApQ_oJCp15Gh",
          "checksum": "89efb2f105d66ff17b4ec3f6c80c6c48"
        },
        {
          "type": "image",
          "assetId": "GXIA-JAu84JYFy",
          "checksum": "ac07b29a6ee1e5829052e7b8e4d13d26"
        },
        {
          "type": "image",
          "assetId": "xZvalaGfmUzg76",
          "checksum": "61188aa2c39a949282c2df4a47812cc5"
        },
        {
          "type": "image",
          "assetId": "87t79re5D6mKCR",
          "checksum": "5f2464f4ab2f4aa8e66853c2ce517cc5"
        },
        {
          "type": "image",
          "assetId": "DDZeW3GzVI72Ge",
          "checksum": "53f8688f8e5724d47173d6064b2aa98b"
        },
        {
          "type": "image",
          "assetId": "nwJHLgaAWnFNY7",
          "checksum": "b1b71a8d3afd41d989931a75c259b993"
        },
        {
          "type": "image",
          "assetId": "hAwNTN1-LesxyR",
          "checksum": "4cb0016ee8b4ce61537c2a2e58ec98e2"
        },
        {
          "type": "image",
          "assetId": "-FhHDGjrd_A2di",
          "checksum": "638bd2badf346235d0d3af1c5d8e7c1e"
        },
        {
          "type": "image",
          "assetId": "WRzga3fLw3Z9dc",
          "checksum": "9eb3b030d4178dc9440988c497966682"
        }
      ],
      "codegenVersion": "0.0.1"
    }
  ],
  "cliVersion": "0.1.242"
}
